// !$*UTF8*$!
{
	archiveVersion = 1;
	classes = {
	};
	objectVersion = 55;
	objects = {

/* Begin PBXBuildFile section */
		7905175E2785FAEF00944817 /* Tests_iOS.swift in Sources */ = {isa = PBXBuildFile; fileRef = 7905175D2785FAEF00944817 /* Tests_iOS.swift */; };
		790517602785FAEF00944817 /* Tests_iOSLaunchTests.swift in Sources */ = {isa = PBXBuildFile; fileRef = 7905175F2785FAEF00944817 /* Tests_iOSLaunchTests.swift */; };
		7905176A2785FAEF00944817 /* Tests_macOS.swift in Sources */ = {isa = PBXBuildFile; fileRef = 790517692785FAEF00944817 /* Tests_macOS.swift */; };
		7905176C2785FAEF00944817 /* Tests_macOSLaunchTests.swift in Sources */ = {isa = PBXBuildFile; fileRef = 7905176B2785FAEF00944817 /* Tests_macOSLaunchTests.swift */; };
		7905176D2785FAEF00944817 /* ColdTurkeyApp.swift in Sources */ = {isa = PBXBuildFile; fileRef = 790517452785FAEE00944817 /* ColdTurkeyApp.swift */; };
		7905176E2785FAEF00944817 /* ColdTurkeyApp.swift in Sources */ = {isa = PBXBuildFile; fileRef = 790517452785FAEE00944817 /* ColdTurkeyApp.swift */; };
		7905176F2785FAEF00944817 /* ContentView.swift in Sources */ = {isa = PBXBuildFile; fileRef = 790517462785FAEE00944817 /* ContentView.swift */; };
		790517702785FAEF00944817 /* ContentView.swift in Sources */ = {isa = PBXBuildFile; fileRef = 790517462785FAEE00944817 /* ContentView.swift */; };
		790517712785FAEF00944817 /* Assets.xcassets in Resources */ = {isa = PBXBuildFile; fileRef = 790517472785FAEF00944817 /* Assets.xcassets */; };
		790517722785FAEF00944817 /* Assets.xcassets in Resources */ = {isa = PBXBuildFile; fileRef = 790517472785FAEF00944817 /* Assets.xcassets */; };
		790517822785FB3000944817 /* PassStore.swift in Sources */ = {isa = PBXBuildFile; fileRef = 790517812785FB3000944817 /* PassStore.swift */; };
		790517832785FB3000944817 /* PassStore.swift in Sources */ = {isa = PBXBuildFile; fileRef = 790517812785FB3000944817 /* PassStore.swift */; };
		790517852785FEEF00944817 /* PassManager.swift in Sources */ = {isa = PBXBuildFile; fileRef = 790517842785FEEF00944817 /* PassManager.swift */; };
		790517862785FEEF00944817 /* PassManager.swift in Sources */ = {isa = PBXBuildFile; fileRef = 790517842785FEEF00944817 /* PassManager.swift */; };
		7905178D278601CF00944817 /* CreatePass.swift in Sources */ = {isa = PBXBuildFile; fileRef = 7905178C278601CF00944817 /* CreatePass.swift */; };
		7905178E278601CF00944817 /* CreatePass.swift in Sources */ = {isa = PBXBuildFile; fileRef = 7905178C278601CF00944817 /* CreatePass.swift */; };
		790517902786087600944817 /* ShowCreds.swift in Sources */ = {isa = PBXBuildFile; fileRef = 7905178F2786087600944817 /* ShowCreds.swift */; };
		790517912786087600944817 /* ShowCreds.swift in Sources */ = {isa = PBXBuildFile; fileRef = 7905178F2786087600944817 /* ShowCreds.swift */; };
		793437AD288F0FB6000B10EC /* extension date isAfter.swift in Sources */ = {isa = PBXBuildFile; fileRef = 793437AC288F0FB6000B10EC /* extension date isAfter.swift */; };
		793437AE288F0FB6000B10EC /* extension date isAfter.swift in Sources */ = {isa = PBXBuildFile; fileRef = 793437AC288F0FB6000B10EC /* extension date isAfter.swift */; };
		793437AF288F1097000B10EC /* extension date isAfter.swift in Sources */ = {isa = PBXBuildFile; fileRef = 793437AC288F0FB6000B10EC /* extension date isAfter.swift */; };
		79C1AFA228450E7900F47188 /* WelcomeOnboarding.swift in Sources */ = {isa = PBXBuildFile; fileRef = 79C1AF9D28450E7900F47188 /* WelcomeOnboarding.swift */; };
		79C1AFA328450E7900F47188 /* WelcomeOnboarding.swift in Sources */ = {isa = PBXBuildFile; fileRef = 79C1AF9D28450E7900F47188 /* WelcomeOnboarding.swift */; };
		79C1AFA428450E7900F47188 /* OnboardingView.swift in Sources */ = {isa = PBXBuildFile; fileRef = 79C1AF9E28450E7900F47188 /* OnboardingView.swift */; };
		79C1AFA528450E7900F47188 /* OnboardingView.swift in Sources */ = {isa = PBXBuildFile; fileRef = 79C1AF9E28450E7900F47188 /* OnboardingView.swift */; };
		79C1AFA628450E7900F47188 /* HowTo.swift in Sources */ = {isa = PBXBuildFile; fileRef = 79C1AF9F28450E7900F47188 /* HowTo.swift */; };
		79C1AFA728450E7900F47188 /* HowTo.swift in Sources */ = {isa = PBXBuildFile; fileRef = 79C1AF9F28450E7900F47188 /* HowTo.swift */; };
		79C1AFA828450E7900F47188 /* OnboardingPage.swift in Sources */ = {isa = PBXBuildFile; fileRef = 79C1AFA028450E7900F47188 /* OnboardingPage.swift */; };
		79C1AFA928450E7900F47188 /* OnboardingPage.swift in Sources */ = {isa = PBXBuildFile; fileRef = 79C1AFA028450E7900F47188 /* OnboardingPage.swift */; };
		79C1AFAA28450E7900F47188 /* SecurityOnboarding.swift in Sources */ = {isa = PBXBuildFile; fileRef = 79C1AFA128450E7900F47188 /* SecurityOnboarding.swift */; };
		79C1AFAB28450E7900F47188 /* SecurityOnboarding.swift in Sources */ = {isa = PBXBuildFile; fileRef = 79C1AFA128450E7900F47188 /* SecurityOnboarding.swift */; };
		79C1AFAE28450E9300F47188 /* OnboardingRouter.swift in Sources */ = {isa = PBXBuildFile; fileRef = 79C1AFAD28450E9300F47188 /* OnboardingRouter.swift */; };
		79C1AFAF28450E9300F47188 /* OnboardingRouter.swift in Sources */ = {isa = PBXBuildFile; fileRef = 79C1AFAD28450E9300F47188 /* OnboardingRouter.swift */; };
		79C1AFB128451CBA00F47188 /* FeedbackView.swift in Sources */ = {isa = PBXBuildFile; fileRef = 79C1AFB028451CBA00F47188 /* FeedbackView.swift */; };
		79C1AFB228451CBA00F47188 /* FeedbackView.swift in Sources */ = {isa = PBXBuildFile; fileRef = 79C1AFB028451CBA00F47188 /* FeedbackView.swift */; };
		79C1AFB428451E3000F47188 /* Email.swift in Sources */ = {isa = PBXBuildFile; fileRef = 79C1AFB328451E3000F47188 /* Email.swift */; };
		79C1AFB528451E3000F47188 /* Email.swift in Sources */ = {isa = PBXBuildFile; fileRef = 79C1AFB328451E3000F47188 /* Email.swift */; };
/* End PBXBuildFile section */

/* Begin PBXContainerItemProxy section */
		7905175A2785FAEF00944817 /* PBXContainerItemProxy */ = {
			isa = PBXContainerItemProxy;
			containerPortal = 790517402785FAEE00944817 /* Project object */;
			proxyType = 1;
			remoteGlobalIDString = 7905174B2785FAEF00944817;
			remoteInfo = "ColdTurkey (iOS)";
		};
		790517662785FAEF00944817 /* PBXContainerItemProxy */ = {
			isa = PBXContainerItemProxy;
			containerPortal = 790517402785FAEE00944817 /* Project object */;
			proxyType = 1;
			remoteGlobalIDString = 790517512785FAEF00944817;
			remoteInfo = "ColdTurkey (macOS)";
		};
/* End PBXContainerItemProxy section */

/* Begin PBXFileReference section */
		790517452785FAEE00944817 /* ColdTurkeyApp.swift */ = {isa = PBXFileReference; lastKnownFileType = sourcecode.swift; path = ColdTurkeyApp.swift; sourceTree = "<group>"; };
		790517462785FAEE00944817 /* ContentView.swift */ = {isa = PBXFileReference; lastKnownFileType = sourcecode.swift; path = ContentView.swift; sourceTree = "<group>"; };
		790517472785FAEF00944817 /* Assets.xcassets */ = {isa = PBXFileReference; lastKnownFileType = folder.assetcatalog; path = Assets.xcassets; sourceTree = "<group>"; };
		7905174C2785FAEF00944817 /* ColdTurkey.app */ = {isa = PBXFileReference; explicitFileType = wrapper.application; includeInIndex = 0; path = ColdTurkey.app; sourceTree = BUILT_PRODUCTS_DIR; };
		790517522785FAEF00944817 /* ColdTurkey.app */ = {isa = PBXFileReference; explicitFileType = wrapper.application; includeInIndex = 0; path = ColdTurkey.app; sourceTree = BUILT_PRODUCTS_DIR; };
		790517542785FAEF00944817 /* macOS.entitlements */ = {isa = PBXFileReference; lastKnownFileType = text.plist.entitlements; path = macOS.entitlements; sourceTree = "<group>"; };
		790517592785FAEF00944817 /* Tests iOS.xctest */ = {isa = PBXFileReference; explicitFileType = wrapper.cfbundle; includeInIndex = 0; path = "Tests iOS.xctest"; sourceTree = BUILT_PRODUCTS_DIR; };
		7905175D2785FAEF00944817 /* Tests_iOS.swift */ = {isa = PBXFileReference; lastKnownFileType = sourcecode.swift; path = Tests_iOS.swift; sourceTree = "<group>"; };
		7905175F2785FAEF00944817 /* Tests_iOSLaunchTests.swift */ = {isa = PBXFileReference; lastKnownFileType = sourcecode.swift; path = Tests_iOSLaunchTests.swift; sourceTree = "<group>"; };
		790517652785FAEF00944817 /* Tests macOS.xctest */ = {isa = PBXFileReference; explicitFileType = wrapper.cfbundle; includeInIndex = 0; path = "Tests macOS.xctest"; sourceTree = BUILT_PRODUCTS_DIR; };
		790517692785FAEF00944817 /* Tests_macOS.swift */ = {isa = PBXFileReference; lastKnownFileType = sourcecode.swift; path = Tests_macOS.swift; sourceTree = "<group>"; };
		7905176B2785FAEF00944817 /* Tests_macOSLaunchTests.swift */ = {isa = PBXFileReference; lastKnownFileType = sourcecode.swift; path = Tests_macOSLaunchTests.swift; sourceTree = "<group>"; };
		790517812785FB3000944817 /* PassStore.swift */ = {isa = PBXFileReference; lastKnownFileType = sourcecode.swift; path = PassStore.swift; sourceTree = "<group>"; };
		790517842785FEEF00944817 /* PassManager.swift */ = {isa = PBXFileReference; lastKnownFileType = sourcecode.swift; path = PassManager.swift; sourceTree = "<group>"; };
		7905178C278601CF00944817 /* CreatePass.swift */ = {isa = PBXFileReference; lastKnownFileType = sourcecode.swift; path = CreatePass.swift; sourceTree = "<group>"; };
		7905178F2786087600944817 /* ShowCreds.swift */ = {isa = PBXFileReference; lastKnownFileType = sourcecode.swift; path = ShowCreds.swift; sourceTree = "<group>"; };
		793437AC288F0FB6000B10EC /* extension date isAfter.swift */ = {isa = PBXFileReference; lastKnownFileType = sourcecode.swift; name = "extension date isAfter.swift"; path = "Shared/Helpers/extension date isAfter.swift"; sourceTree = SOURCE_ROOT; };
		79C1AF9D28450E7900F47188 /* WelcomeOnboarding.swift */ = {isa = PBXFileReference; fileEncoding = 4; lastKnownFileType = sourcecode.swift; path = WelcomeOnboarding.swift; sourceTree = "<group>"; };
		79C1AF9E28450E7900F47188 /* OnboardingView.swift */ = {isa = PBXFileReference; fileEncoding = 4; lastKnownFileType = sourcecode.swift; path = OnboardingView.swift; sourceTree = "<group>"; };
		79C1AF9F28450E7900F47188 /* HowTo.swift */ = {isa = PBXFileReference; fileEncoding = 4; lastKnownFileType = sourcecode.swift; path = HowTo.swift; sourceTree = "<group>"; };
		79C1AFA028450E7900F47188 /* OnboardingPage.swift */ = {isa = PBXFileReference; fileEncoding = 4; lastKnownFileType = sourcecode.swift; path = OnboardingPage.swift; sourceTree = "<group>"; };
		79C1AFA128450E7900F47188 /* SecurityOnboarding.swift */ = {isa = PBXFileReference; fileEncoding = 4; lastKnownFileType = sourcecode.swift; path = SecurityOnboarding.swift; sourceTree = "<group>"; };
		79C1AFAD28450E9300F47188 /* OnboardingRouter.swift */ = {isa = PBXFileReference; fileEncoding = 4; lastKnownFileType = sourcecode.swift; path = OnboardingRouter.swift; sourceTree = "<group>"; };
		79C1AFB028451CBA00F47188 /* FeedbackView.swift */ = {isa = PBXFileReference; lastKnownFileType = sourcecode.swift; path = FeedbackView.swift; sourceTree = "<group>"; };
		79C1AFB328451E3000F47188 /* Email.swift */ = {isa = PBXFileReference; fileEncoding = 4; lastKnownFileType = sourcecode.swift; path = Email.swift; sourceTree = "<group>"; };
/* End PBXFileReference section */

/* Begin PBXFrameworksBuildPhase section */
		790517492785FAEF00944817 /* Frameworks */ = {
			isa = PBXFrameworksBuildPhase;
			buildActionMask = 2147483647;
			files = (
			);
			runOnlyForDeploymentPostprocessing = 0;
		};
		7905174F2785FAEF00944817 /* Frameworks */ = {
			isa = PBXFrameworksBuildPhase;
			buildActionMask = 2147483647;
			files = (
			);
			runOnlyForDeploymentPostprocessing = 0;
		};
		790517562785FAEF00944817 /* Frameworks */ = {
			isa = PBXFrameworksBuildPhase;
			buildActionMask = 2147483647;
			files = (
			);
			runOnlyForDeploymentPostprocessing = 0;
		};
		790517622785FAEF00944817 /* Frameworks */ = {
			isa = PBXFrameworksBuildPhase;
			buildActionMask = 2147483647;
			files = (
			);
			runOnlyForDeploymentPostprocessing = 0;
		};
/* End PBXFrameworksBuildPhase section */

/* Begin PBXGroup section */
		7905173F2785FAEE00944817 = {
			isa = PBXGroup;
			children = (
				790517442785FAEE00944817 /* Shared */,
				790517532785FAEF00944817 /* macOS */,
				7905175C2785FAEF00944817 /* Tests iOS */,
				790517682785FAEF00944817 /* Tests macOS */,
				7905174D2785FAEF00944817 /* Products */,
			);
			sourceTree = "<group>";
		};
		790517442785FAEE00944817 /* Shared */ = {
			isa = PBXGroup;
			children = (
				790517452785FAEE00944817 /* ColdTurkeyApp.swift */,
				790517892785FF1500944817 /* Views */,
				790517882785FF0F00944817 /* Model */,
				790517872785FF0900944817 /* ViewModel */,
				79C1AFB628451E3800F47188 /* Helpers */,
				790517472785FAEF00944817 /* Assets.xcassets */,
			);
			path = Shared;
			sourceTree = "<group>";
		};
		7905174D2785FAEF00944817 /* Products */ = {
			isa = PBXGroup;
			children = (
				7905174C2785FAEF00944817 /* ColdTurkey.app */,
				790517522785FAEF00944817 /* ColdTurkey.app */,
				790517592785FAEF00944817 /* Tests iOS.xctest */,
				790517652785FAEF00944817 /* Tests macOS.xctest */,
			);
			name = Products;
			sourceTree = "<group>";
		};
		790517532785FAEF00944817 /* macOS */ = {
			isa = PBXGroup;
			children = (
				790517542785FAEF00944817 /* macOS.entitlements */,
			);
			path = macOS;
			sourceTree = "<group>";
		};
		7905175C2785FAEF00944817 /* Tests iOS */ = {
			isa = PBXGroup;
			children = (
				7905175D2785FAEF00944817 /* Tests_iOS.swift */,
				7905175F2785FAEF00944817 /* Tests_iOSLaunchTests.swift */,
			);
			path = "Tests iOS";
			sourceTree = "<group>";
		};
		790517682785FAEF00944817 /* Tests macOS */ = {
			isa = PBXGroup;
			children = (
				790517692785FAEF00944817 /* Tests_macOS.swift */,
				7905176B2785FAEF00944817 /* Tests_macOSLaunchTests.swift */,
			);
			path = "Tests macOS";
			sourceTree = "<group>";
		};
		790517872785FF0900944817 /* ViewModel */ = {
			isa = PBXGroup;
			children = (
				790517842785FEEF00944817 /* PassManager.swift */,
				79C1AFAD28450E9300F47188 /* OnboardingRouter.swift */,
			);
			path = ViewModel;
			sourceTree = "<group>";
		};
		790517882785FF0F00944817 /* Model */ = {
			isa = PBXGroup;
			children = (
				790517812785FB3000944817 /* PassStore.swift */,
			);
			path = Model;
			sourceTree = "<group>";
		};
		790517892785FF1500944817 /* Views */ = {
			isa = PBXGroup;
			children = (
				790517462785FAEE00944817 /* ContentView.swift */,
				7905178C278601CF00944817 /* CreatePass.swift */,
				7905178F2786087600944817 /* ShowCreds.swift */,
				79C1AFB028451CBA00F47188 /* FeedbackView.swift */,
				79C1AFAC28450E7E00F47188 /* Onboarding */,
			);
			path = Views;
			sourceTree = "<group>";
		};
		79C1AFAC28450E7E00F47188 /* Onboarding */ = {
			isa = PBXGroup;
			children = (
				79C1AFA028450E7900F47188 /* OnboardingPage.swift */,
				79C1AF9E28450E7900F47188 /* OnboardingView.swift */,
				79C1AF9D28450E7900F47188 /* WelcomeOnboarding.swift */,
				79C1AF9F28450E7900F47188 /* HowTo.swift */,
				79C1AFA128450E7900F47188 /* SecurityOnboarding.swift */,
			);
			path = Onboarding;
			sourceTree = "<group>";
		};
		79C1AFB628451E3800F47188 /* Helpers */ = {
			isa = PBXGroup;
			children = (
				79C1AFB328451E3000F47188 /* Email.swift */,
				793437AC288F0FB6000B10EC /* extension date isAfter.swift */,
			);
			path = Helpers;
			sourceTree = "<group>";
		};
/* End PBXGroup section */

/* Begin PBXNativeTarget section */
		7905174B2785FAEF00944817 /* ColdTurkey (iOS) */ = {
			isa = PBXNativeTarget;
			buildConfigurationList = 790517752785FAEF00944817 /* Build configuration list for PBXNativeTarget "ColdTurkey (iOS)" */;
			buildPhases = (
				790517482785FAEF00944817 /* Sources */,
				790517492785FAEF00944817 /* Frameworks */,
				7905174A2785FAEF00944817 /* Resources */,
			);
			buildRules = (
			);
			dependencies = (
			);
			name = "ColdTurkey (iOS)";
			productName = "ColdTurkey (iOS)";
			productReference = 7905174C2785FAEF00944817 /* ColdTurkey.app */;
			productType = "com.apple.product-type.application";
		};
		790517512785FAEF00944817 /* ColdTurkey (macOS) */ = {
			isa = PBXNativeTarget;
			buildConfigurationList = 790517782785FAEF00944817 /* Build configuration list for PBXNativeTarget "ColdTurkey (macOS)" */;
			buildPhases = (
				7905174E2785FAEF00944817 /* Sources */,
				7905174F2785FAEF00944817 /* Frameworks */,
				790517502785FAEF00944817 /* Resources */,
			);
			buildRules = (
			);
			dependencies = (
			);
			name = "ColdTurkey (macOS)";
			productName = "ColdTurkey (macOS)";
			productReference = 790517522785FAEF00944817 /* ColdTurkey.app */;
			productType = "com.apple.product-type.application";
		};
		790517582785FAEF00944817 /* Tests iOS */ = {
			isa = PBXNativeTarget;
			buildConfigurationList = 7905177B2785FAEF00944817 /* Build configuration list for PBXNativeTarget "Tests iOS" */;
			buildPhases = (
				790517552785FAEF00944817 /* Sources */,
				790517562785FAEF00944817 /* Frameworks */,
				790517572785FAEF00944817 /* Resources */,
			);
			buildRules = (
			);
			dependencies = (
				7905175B2785FAEF00944817 /* PBXTargetDependency */,
			);
			name = "Tests iOS";
			productName = "Tests iOS";
			productReference = 790517592785FAEF00944817 /* Tests iOS.xctest */;
			productType = "com.apple.product-type.bundle.ui-testing";
		};
		790517642785FAEF00944817 /* Tests macOS */ = {
			isa = PBXNativeTarget;
			buildConfigurationList = 7905177E2785FAEF00944817 /* Build configuration list for PBXNativeTarget "Tests macOS" */;
			buildPhases = (
				790517612785FAEF00944817 /* Sources */,
				790517622785FAEF00944817 /* Frameworks */,
				790517632785FAEF00944817 /* Resources */,
			);
			buildRules = (
			);
			dependencies = (
				790517672785FAEF00944817 /* PBXTargetDependency */,
			);
			name = "Tests macOS";
			productName = "Tests macOS";
			productReference = 790517652785FAEF00944817 /* Tests macOS.xctest */;
			productType = "com.apple.product-type.bundle.ui-testing";
		};
/* End PBXNativeTarget section */

/* Begin PBXProject section */
		790517402785FAEE00944817 /* Project object */ = {
			isa = PBXProject;
			attributes = {
				BuildIndependentTargetsInParallel = 1;
				LastSwiftUpdateCheck = 1320;
				LastUpgradeCheck = 1340;
				TargetAttributes = {
					7905174B2785FAEF00944817 = {
						CreatedOnToolsVersion = 13.2.1;
					};
					790517512785FAEF00944817 = {
						CreatedOnToolsVersion = 13.2.1;
					};
					790517582785FAEF00944817 = {
						CreatedOnToolsVersion = 13.2.1;
						TestTargetID = 7905174B2785FAEF00944817;
					};
					790517642785FAEF00944817 = {
						CreatedOnToolsVersion = 13.2.1;
						TestTargetID = 790517512785FAEF00944817;
					};
				};
			};
			buildConfigurationList = 790517432785FAEE00944817 /* Build configuration list for PBXProject "ColdTurkey" */;
			compatibilityVersion = "Xcode 13.0";
			developmentRegion = en;
			hasScannedForEncodings = 0;
			knownRegions = (
				en,
				Base,
			);
			mainGroup = 7905173F2785FAEE00944817;
			productRefGroup = 7905174D2785FAEF00944817 /* Products */;
			projectDirPath = "";
			projectRoot = "";
			targets = (
				7905174B2785FAEF00944817 /* ColdTurkey (iOS) */,
				790517512785FAEF00944817 /* ColdTurkey (macOS) */,
				790517582785FAEF00944817 /* Tests iOS */,
				790517642785FAEF00944817 /* Tests macOS */,
			);
		};
/* End PBXProject section */

/* Begin PBXResourcesBuildPhase section */
		7905174A2785FAEF00944817 /* Resources */ = {
			isa = PBXResourcesBuildPhase;
			buildActionMask = 2147483647;
			files = (
				790517712785FAEF00944817 /* Assets.xcassets in Resources */,
			);
			runOnlyForDeploymentPostprocessing = 0;
		};
		790517502785FAEF00944817 /* Resources */ = {
			isa = PBXResourcesBuildPhase;
			buildActionMask = 2147483647;
			files = (
				790517722785FAEF00944817 /* Assets.xcassets in Resources */,
			);
			runOnlyForDeploymentPostprocessing = 0;
		};
		790517572785FAEF00944817 /* Resources */ = {
			isa = PBXResourcesBuildPhase;
			buildActionMask = 2147483647;
			files = (
			);
			runOnlyForDeploymentPostprocessing = 0;
		};
		790517632785FAEF00944817 /* Resources */ = {
			isa = PBXResourcesBuildPhase;
			buildActionMask = 2147483647;
			files = (
			);
			runOnlyForDeploymentPostprocessing = 0;
		};
/* End PBXResourcesBuildPhase section */

/* Begin PBXSourcesBuildPhase section */
		790517482785FAEF00944817 /* Sources */ = {
			isa = PBXSourcesBuildPhase;
			buildActionMask = 2147483647;
			files = (
				7905178D278601CF00944817 /* CreatePass.swift in Sources */,
				79C1AFAE28450E9300F47188 /* OnboardingRouter.swift in Sources */,
				793437AD288F0FB6000B10EC /* extension date isAfter.swift in Sources */,
				7905176F2785FAEF00944817 /* ContentView.swift in Sources */,
				79C1AFAA28450E7900F47188 /* SecurityOnboarding.swift in Sources */,
				7905176D2785FAEF00944817 /* ColdTurkeyApp.swift in Sources */,
				790517852785FEEF00944817 /* PassManager.swift in Sources */,
				79C1AFA628450E7900F47188 /* HowTo.swift in Sources */,
				790517902786087600944817 /* ShowCreds.swift in Sources */,
				79C1AFB428451E3000F47188 /* Email.swift in Sources */,
				79C1AFA428450E7900F47188 /* OnboardingView.swift in Sources */,
				79C1AFA228450E7900F47188 /* WelcomeOnboarding.swift in Sources */,
				790517822785FB3000944817 /* PassStore.swift in Sources */,
				79C1AFB128451CBA00F47188 /* FeedbackView.swift in Sources */,
				79C1AFA828450E7900F47188 /* OnboardingPage.swift in Sources */,
			);
			runOnlyForDeploymentPostprocessing = 0;
		};
		7905174E2785FAEF00944817 /* Sources */ = {
			isa = PBXSourcesBuildPhase;
			buildActionMask = 2147483647;
			files = (
				7905178E278601CF00944817 /* CreatePass.swift in Sources */,
				79C1AFAF28450E9300F47188 /* OnboardingRouter.swift in Sources */,
				793437AE288F0FB6000B10EC /* extension date isAfter.swift in Sources */,
				790517702785FAEF00944817 /* ContentView.swift in Sources */,
				79C1AFAB28450E7900F47188 /* SecurityOnboarding.swift in Sources */,
				7905176E2785FAEF00944817 /* ColdTurkeyApp.swift in Sources */,
				790517862785FEEF00944817 /* PassManager.swift in Sources */,
				79C1AFA728450E7900F47188 /* HowTo.swift in Sources */,
				790517912786087600944817 /* ShowCreds.swift in Sources */,
				79C1AFB528451E3000F47188 /* Email.swift in Sources */,
				79C1AFA528450E7900F47188 /* OnboardingView.swift in Sources */,
				79C1AFA328450E7900F47188 /* WelcomeOnboarding.swift in Sources */,
				790517832785FB3000944817 /* PassStore.swift in Sources */,
				79C1AFB228451CBA00F47188 /* FeedbackView.swift in Sources */,
				79C1AFA928450E7900F47188 /* OnboardingPage.swift in Sources */,
			);
			runOnlyForDeploymentPostprocessing = 0;
		};
		790517552785FAEF00944817 /* Sources */ = {
			isa = PBXSourcesBuildPhase;
			buildActionMask = 2147483647;
			files = (
				790517602785FAEF00944817 /* Tests_iOSLaunchTests.swift in Sources */,
				7905175E2785FAEF00944817 /* Tests_iOS.swift in Sources */,
				793437AF288F1097000B10EC /* extension date isAfter.swift in Sources */,
			);
			runOnlyForDeploymentPostprocessing = 0;
		};
		790517612785FAEF00944817 /* Sources */ = {
			isa = PBXSourcesBuildPhase;
			buildActionMask = 2147483647;
			files = (
				7905176C2785FAEF00944817 /* Tests_macOSLaunchTests.swift in Sources */,
				7905176A2785FAEF00944817 /* Tests_macOS.swift in Sources */,
			);
			runOnlyForDeploymentPostprocessing = 0;
		};
/* End PBXSourcesBuildPhase section */

/* Begin PBXTargetDependency section */
		7905175B2785FAEF00944817 /* PBXTargetDependency */ = {
			isa = PBXTargetDependency;
			target = 7905174B2785FAEF00944817 /* ColdTurkey (iOS) */;
			targetProxy = 7905175A2785FAEF00944817 /* PBXContainerItemProxy */;
		};
		790517672785FAEF00944817 /* PBXTargetDependency */ = {
			isa = PBXTargetDependency;
			target = 790517512785FAEF00944817 /* ColdTurkey (macOS) */;
			targetProxy = 790517662785FAEF00944817 /* PBXContainerItemProxy */;
		};
/* End PBXTargetDependency section */

/* Begin XCBuildConfiguration section */
		790517732785FAEF00944817 /* Debug */ = {
			isa = XCBuildConfiguration;
			buildSettings = {
				ALWAYS_SEARCH_USER_PATHS = NO;
				CLANG_ANALYZER_NONNULL = YES;
				CLANG_ANALYZER_NUMBER_OBJECT_CONVERSION = YES_AGGRESSIVE;
				CLANG_CXX_LANGUAGE_STANDARD = "gnu++17";
				CLANG_CXX_LIBRARY = "libc++";
				CLANG_ENABLE_MODULES = YES;
				CLANG_ENABLE_OBJC_ARC = YES;
				CLANG_ENABLE_OBJC_WEAK = YES;
				CLANG_WARN_BLOCK_CAPTURE_AUTORELEASING = YES;
				CLANG_WARN_BOOL_CONVERSION = YES;
				CLANG_WARN_COMMA = YES;
				CLANG_WARN_CONSTANT_CONVERSION = YES;
				CLANG_WARN_DEPRECATED_OBJC_IMPLEMENTATIONS = YES;
				CLANG_WARN_DIRECT_OBJC_ISA_USAGE = YES_ERROR;
				CLANG_WARN_DOCUMENTATION_COMMENTS = YES;
				CLANG_WARN_EMPTY_BODY = YES;
				CLANG_WARN_ENUM_CONVERSION = YES;
				CLANG_WARN_INFINITE_RECURSION = YES;
				CLANG_WARN_INT_CONVERSION = YES;
				CLANG_WARN_NON_LITERAL_NULL_CONVERSION = YES;
				CLANG_WARN_OBJC_IMPLICIT_RETAIN_SELF = YES;
				CLANG_WARN_OBJC_LITERAL_CONVERSION = YES;
				CLANG_WARN_OBJC_ROOT_CLASS = YES_ERROR;
				CLANG_WARN_QUOTED_INCLUDE_IN_FRAMEWORK_HEADER = YES;
				CLANG_WARN_RANGE_LOOP_ANALYSIS = YES;
				CLANG_WARN_STRICT_PROTOTYPES = YES;
				CLANG_WARN_SUSPICIOUS_MOVE = YES;
				CLANG_WARN_UNGUARDED_AVAILABILITY = YES_AGGRESSIVE;
				CLANG_WARN_UNREACHABLE_CODE = YES;
				CLANG_WARN__DUPLICATE_METHOD_MATCH = YES;
				COPY_PHASE_STRIP = NO;
				DEBUG_INFORMATION_FORMAT = dwarf;
				ENABLE_STRICT_OBJC_MSGSEND = YES;
				ENABLE_TESTABILITY = YES;
				GCC_C_LANGUAGE_STANDARD = gnu11;
				GCC_DYNAMIC_NO_PIC = NO;
				GCC_NO_COMMON_BLOCKS = YES;
				GCC_OPTIMIZATION_LEVEL = 0;
				GCC_PREPROCESSOR_DEFINITIONS = (
					"DEBUG=1",
					"$(inherited)",
				);
				GCC_WARN_64_TO_32_BIT_CONVERSION = YES;
				GCC_WARN_ABOUT_RETURN_TYPE = YES_ERROR;
				GCC_WARN_UNDECLARED_SELECTOR = YES;
				GCC_WARN_UNINITIALIZED_AUTOS = YES_AGGRESSIVE;
				GCC_WARN_UNUSED_FUNCTION = YES;
				GCC_WARN_UNUSED_VARIABLE = YES;
				MTL_ENABLE_DEBUG_INFO = INCLUDE_SOURCE;
				MTL_FAST_MATH = YES;
				ONLY_ACTIVE_ARCH = YES;
				SWIFT_ACTIVE_COMPILATION_CONDITIONS = DEBUG;
				SWIFT_OPTIMIZATION_LEVEL = "-Onone";
			};
			name = Debug;
		};
		790517742785FAEF00944817 /* Release */ = {
			isa = XCBuildConfiguration;
			buildSettings = {
				ALWAYS_SEARCH_USER_PATHS = NO;
				CLANG_ANALYZER_NONNULL = YES;
				CLANG_ANALYZER_NUMBER_OBJECT_CONVERSION = YES_AGGRESSIVE;
				CLANG_CXX_LANGUAGE_STANDARD = "gnu++17";
				CLANG_CXX_LIBRARY = "libc++";
				CLANG_ENABLE_MODULES = YES;
				CLANG_ENABLE_OBJC_ARC = YES;
				CLANG_ENABLE_OBJC_WEAK = YES;
				CLANG_WARN_BLOCK_CAPTURE_AUTORELEASING = YES;
				CLANG_WARN_BOOL_CONVERSION = YES;
				CLANG_WARN_COMMA = YES;
				CLANG_WARN_CONSTANT_CONVERSION = YES;
				CLANG_WARN_DEPRECATED_OBJC_IMPLEMENTATIONS = YES;
				CLANG_WARN_DIRECT_OBJC_ISA_USAGE = YES_ERROR;
				CLANG_WARN_DOCUMENTATION_COMMENTS = YES;
				CLANG_WARN_EMPTY_BODY = YES;
				CLANG_WARN_ENUM_CONVERSION = YES;
				CLANG_WARN_INFINITE_RECURSION = YES;
				CLANG_WARN_INT_CONVERSION = YES;
				CLANG_WARN_NON_LITERAL_NULL_CONVERSION = YES;
				CLANG_WARN_OBJC_IMPLICIT_RETAIN_SELF = YES;
				CLANG_WARN_OBJC_LITERAL_CONVERSION = YES;
				CLANG_WARN_OBJC_ROOT_CLASS = YES_ERROR;
				CLANG_WARN_QUOTED_INCLUDE_IN_FRAMEWORK_HEADER = YES;
				CLANG_WARN_RANGE_LOOP_ANALYSIS = YES;
				CLANG_WARN_STRICT_PROTOTYPES = YES;
				CLANG_WARN_SUSPICIOUS_MOVE = YES;
				CLANG_WARN_UNGUARDED_AVAILABILITY = YES_AGGRESSIVE;
				CLANG_WARN_UNREACHABLE_CODE = YES;
				CLANG_WARN__DUPLICATE_METHOD_MATCH = YES;
				COPY_PHASE_STRIP = NO;
				DEBUG_INFORMATION_FORMAT = "dwarf-with-dsym";
				ENABLE_NS_ASSERTIONS = NO;
				ENABLE_STRICT_OBJC_MSGSEND = YES;
				GCC_C_LANGUAGE_STANDARD = gnu11;
				GCC_NO_COMMON_BLOCKS = YES;
				GCC_WARN_64_TO_32_BIT_CONVERSION = YES;
				GCC_WARN_ABOUT_RETURN_TYPE = YES_ERROR;
				GCC_WARN_UNDECLARED_SELECTOR = YES;
				GCC_WARN_UNINITIALIZED_AUTOS = YES_AGGRESSIVE;
				GCC_WARN_UNUSED_FUNCTION = YES;
				GCC_WARN_UNUSED_VARIABLE = YES;
				MTL_ENABLE_DEBUG_INFO = NO;
				MTL_FAST_MATH = YES;
				SWIFT_COMPILATION_MODE = wholemodule;
				SWIFT_OPTIMIZATION_LEVEL = "-O";
			};
			name = Release;
		};
		790517762785FAEF00944817 /* Debug */ = {
			isa = XCBuildConfiguration;
			buildSettings = {
				ASSETCATALOG_COMPILER_APPICON_NAME = AppIcon;
				ASSETCATALOG_COMPILER_GLOBAL_ACCENT_COLOR_NAME = AccentColor;
				CODE_SIGN_STYLE = Automatic;
				CURRENT_PROJECT_VERSION = 1;
				DEVELOPMENT_TEAM = L2BC5TCSR5;
				ENABLE_PREVIEWS = YES;
				GENERATE_INFOPLIST_FILE = YES;
				INFOPLIST_KEY_UIApplicationSceneManifest_Generation = YES;
				INFOPLIST_KEY_UIApplicationSupportsIndirectInputEvents = YES;
				INFOPLIST_KEY_UILaunchScreen_Generation = YES;
				INFOPLIST_KEY_UISupportedInterfaceOrientations_iPad = "UIInterfaceOrientationPortrait UIInterfaceOrientationPortraitUpsideDown UIInterfaceOrientationLandscapeLeft UIInterfaceOrientationLandscapeRight";
				INFOPLIST_KEY_UISupportedInterfaceOrientations_iPhone = "UIInterfaceOrientationPortrait UIInterfaceOrientationLandscapeLeft UIInterfaceOrientationLandscapeRight";
				IPHONEOS_DEPLOYMENT_TARGET = 15.2;
				LD_RUNPATH_SEARCH_PATHS = (
					"$(inherited)",
					"@executable_path/Frameworks",
				);
				MARKETING_VERSION = 1.0;
				PRODUCT_BUNDLE_IDENTIFIER = com.garageminfinita.ColdTurkey;
				PRODUCT_NAME = ColdTurkey;
				SDKROOT = iphoneos;
				SWIFT_EMIT_LOC_STRINGS = YES;
				SWIFT_VERSION = 5.0;
				TARGETED_DEVICE_FAMILY = "1,2";
			};
			name = Debug;
		};
		790517772785FAEF00944817 /* Release */ = {
			isa = XCBuildConfiguration;
			buildSettings = {
				ASSETCATALOG_COMPILER_APPICON_NAME = AppIcon;
				ASSETCATALOG_COMPILER_GLOBAL_ACCENT_COLOR_NAME = AccentColor;
				CODE_SIGN_STYLE = Automatic;
				CURRENT_PROJECT_VERSION = 1;
				DEVELOPMENT_TEAM = L2BC5TCSR5;
				ENABLE_PREVIEWS = YES;
				GENERATE_INFOPLIST_FILE = YES;
				INFOPLIST_KEY_UIApplicationSceneManifest_Generation = YES;
				INFOPLIST_KEY_UIApplicationSupportsIndirectInputEvents = YES;
				INFOPLIST_KEY_UILaunchScreen_Generation = YES;
				INFOPLIST_KEY_UISupportedInterfaceOrientations_iPad = "UIInterfaceOrientationPortrait UIInterfaceOrientationPortraitUpsideDown UIInterfaceOrientationLandscapeLeft UIInterfaceOrientationLandscapeRight";
				INFOPLIST_KEY_UISupportedInterfaceOrientations_iPhone = "UIInterfaceOrientationPortrait UIInterfaceOrientationLandscapeLeft UIInterfaceOrientationLandscapeRight";
				IPHONEOS_DEPLOYMENT_TARGET = 15.2;
				LD_RUNPATH_SEARCH_PATHS = (
					"$(inherited)",
					"@executable_path/Frameworks",
				);
				MARKETING_VERSION = 1.0;
				PRODUCT_BUNDLE_IDENTIFIER = com.garageminfinita.ColdTurkey;
				PRODUCT_NAME = ColdTurkey;
				SDKROOT = iphoneos;
				SWIFT_EMIT_LOC_STRINGS = YES;
				SWIFT_VERSION = 5.0;
				TARGETED_DEVICE_FAMILY = "1,2";
				VALIDATE_PRODUCT = YES;
			};
			name = Release;
		};
		790517792785FAEF00944817 /* Debug */ = {
			isa = XCBuildConfiguration;
			buildSettings = {
				ASSETCATALOG_COMPILER_APPICON_NAME = AppIcon;
				ASSETCATALOG_COMPILER_GLOBAL_ACCENT_COLOR_NAME = AccentColor;
				CODE_SIGN_ENTITLEMENTS = macOS/macOS.entitlements;
				CODE_SIGN_IDENTITY = "-";
				CODE_SIGN_STYLE = Automatic;
				COMBINE_HIDPI_IMAGES = YES;
				CURRENT_PROJECT_VERSION = 1;
				DEVELOPMENT_TEAM = L2BC5TCSR5;
				ENABLE_HARDENED_RUNTIME = YES;
				ENABLE_PREVIEWS = YES;
				GENERATE_INFOPLIST_FILE = YES;
				INFOPLIST_KEY_NSHumanReadableCopyright = "";
				LD_RUNPATH_SEARCH_PATHS = (
					"$(inherited)",
					"@executable_path/../Frameworks",
				);
				MACOSX_DEPLOYMENT_TARGET = 12.0;
				MARKETING_VERSION = 1.0;
				PRODUCT_BUNDLE_IDENTIFIER = com.garageminfinita.ColdTurkey;
				PRODUCT_NAME = ColdTurkey;
				SDKROOT = macosx;
				SWIFT_EMIT_LOC_STRINGS = YES;
				SWIFT_VERSION = 5.0;
			};
			name = Debug;
		};
		7905177A2785FAEF00944817 /* Release */ = {
			isa = XCBuildConfiguration;
			buildSettings = {
				ASSETCATALOG_COMPILER_APPICON_NAME = AppIcon;
				ASSETCATALOG_COMPILER_GLOBAL_ACCENT_COLOR_NAME = AccentColor;
				CODE_SIGN_ENTITLEMENTS = macOS/macOS.entitlements;
				CODE_SIGN_IDENTITY = "-";
				CODE_SIGN_STYLE = Automatic;
				COMBINE_HIDPI_IMAGES = YES;
				CURRENT_PROJECT_VERSION = 1;
				DEVELOPMENT_TEAM = L2BC5TCSR5;
				ENABLE_HARDENED_RUNTIME = YES;
				ENABLE_PREVIEWS = YES;
				GENERATE_INFOPLIST_FILE = YES;
				INFOPLIST_KEY_NSHumanReadableCopyright = "";
				LD_RUNPATH_SEARCH_PATHS = (
					"$(inherited)",
					"@executable_path/../Frameworks",
				);
				MACOSX_DEPLOYMENT_TARGET = 12.0;
				MARKETING_VERSION = 1.0;
				PRODUCT_BUNDLE_IDENTIFIER = com.garageminfinita.ColdTurkey;
				PRODUCT_NAME = ColdTurkey;
				SDKROOT = macosx;
				SWIFT_EMIT_LOC_STRINGS = YES;
				SWIFT_VERSION = 5.0;
			};
			name = Release;
		};
		7905177C2785FAEF00944817 /* Debug */ = {
			isa = XCBuildConfiguration;
			buildSettings = {
				ALWAYS_EMBED_SWIFT_STANDARD_LIBRARIES = YES;
				CODE_SIGN_STYLE = Automatic;
				CURRENT_PROJECT_VERSION = 1;
				DEVELOPMENT_TEAM = L2BC5TCSR5;
				GENERATE_INFOPLIST_FILE = YES;
				IPHONEOS_DEPLOYMENT_TARGET = 15.2;
				MARKETING_VERSION = 1.0;
				PRODUCT_BUNDLE_IDENTIFIER = "com.garageminfinita.Tests-iOS";
				PRODUCT_NAME = "$(TARGET_NAME)";
				SDKROOT = iphoneos;
				SWIFT_EMIT_LOC_STRINGS = NO;
				SWIFT_VERSION = 5.0;
				TARGETED_DEVICE_FAMILY = "1,2";
				TEST_TARGET_NAME = "ColdTurkey (iOS)";
			};
			name = Debug;
		};
		7905177D2785FAEF00944817 /* Release */ = {
			isa = XCBuildConfiguration;
			buildSettings = {
				ALWAYS_EMBED_SWIFT_STANDARD_LIBRARIES = YES;
				CODE_SIGN_STYLE = Automatic;
				CURRENT_PROJECT_VERSION = 1;
				DEVELOPMENT_TEAM = L2BC5TCSR5;
				GENERATE_INFOPLIST_FILE = YES;
				IPHONEOS_DEPLOYMENT_TARGET = 15.2;
				MARKETING_VERSION = 1.0;
				PRODUCT_BUNDLE_IDENTIFIER = "com.garageminfinita.Tests-iOS";
				PRODUCT_NAME = "$(TARGET_NAME)";
				SDKROOT = iphoneos;
				SWIFT_EMIT_LOC_STRINGS = NO;
				SWIFT_VERSION = 5.0;
				TARGETED_DEVICE_FAMILY = "1,2";
				TEST_TARGET_NAME = "ColdTurkey (iOS)";
				VALIDATE_PRODUCT = YES;
			};
			name = Release;
		};
		7905177F2785FAEF00944817 /* Debug */ = {
			isa = XCBuildConfiguration;
			buildSettings = {
				ALWAYS_EMBED_SWIFT_STANDARD_LIBRARIES = YES;
				CODE_SIGN_STYLE = Automatic;
				CURRENT_PROJECT_VERSION = 1;
				DEVELOPMENT_TEAM = L2BC5TCSR5;
				GENERATE_INFOPLIST_FILE = YES;
				MACOSX_DEPLOYMENT_TARGET = 12.0;
				MARKETING_VERSION = 1.0;
				PRODUCT_BUNDLE_IDENTIFIER = "com.garageminfinita.Tests-macOS";
				PRODUCT_NAME = "$(TARGET_NAME)";
				SDKROOT = macosx;
				SWIFT_EMIT_LOC_STRINGS = NO;
				SWIFT_VERSION = 5.0;
				TEST_TARGET_NAME = "ColdTurkey (macOS)";
			};
			name = Debug;
		};
		790517802785FAEF00944817 /* Release */ = {
			isa = XCBuildConfiguration;
			buildSettings = {
				ALWAYS_EMBED_SWIFT_STANDARD_LIBRARIES = YES;
				CODE_SIGN_STYLE = Automatic;
				CURRENT_PROJECT_VERSION = 1;
				DEVELOPMENT_TEAM = L2BC5TCSR5;
				GENERATE_INFOPLIST_FILE = YES;
				MACOSX_DEPLOYMENT_TARGET = 12.0;
				MARKETING_VERSION = 1.0;
				PRODUCT_BUNDLE_IDENTIFIER = "com.garageminfinita.Tests-macOS";
				PRODUCT_NAME = "$(TARGET_NAME)";
				SDKROOT = macosx;
				SWIFT_EMIT_LOC_STRINGS = NO;
				SWIFT_VERSION = 5.0;
				TEST_TARGET_NAME = "ColdTurkey (macOS)";
			};
			name = Release;
		};
/* End XCBuildConfiguration section */

/* Begin XCConfigurationList section */
		790517432785FAEE00944817 /* Build configuration list for PBXProject "ColdTurkey" */ = {
			isa = XCConfigurationList;
			buildConfigurations = (
				790517732785FAEF00944817 /* Debug */,
				790517742785FAEF00944817 /* Release */,
			);
			defaultConfigurationIsVisible = 0;
			defaultConfigurationName = Release;
		};
		790517752785FAEF00944817 /* Build configuration list for PBXNativeTarget "ColdTurkey (iOS)" */ = {
			isa = XCConfigurationList;
			buildConfigurations = (
				790517762785FAEF00944817 /* Debug */,
				790517772785FAEF00944817 /* Release */,
			);
			defaultConfigurationIsVisible = 0;
			defaultConfigurationName = Release;
		};
		790517782785FAEF00944817 /* Build configuration list for PBXNativeTarget "ColdTurkey (macOS)" */ = {
			isa = XCConfigurationList;
			buildConfigurations = (
				790517792785FAEF00944817 /* Debug */,
				7905177A2785FAEF00944817 /* Release */,
			);
			defaultConfigurationIsVisible = 0;
			defaultConfigurationName = Release;
		};
		7905177B2785FAEF00944817 /* Build configuration list for PBXNativeTarget "Tests iOS" */ = {
			isa = XCConfigurationList;
			buildConfigurations = (
				7905177C2785FAEF00944817 /* Debug */,
				7905177D2785FAEF00944817 /* Release */,
			);
			defaultConfigurationIsVisible = 0;
			defaultConfigurationName = Release;
		};
		7905177E2785FAEF00944817 /* Build configuration list for PBXNativeTarget "Tests macOS" */ = {
			isa = XCConfigurationList;
			buildConfigurations = (
				7905177F2785FAEF00944817 /* Debug */,
				790517802785FAEF00944817 /* Release */,
			);
			defaultConfigurationIsVisible = 0;
			defaultConfigurationName = Release;
		};
/* End XCConfigurationList section */
	};
	rootObject = 790517402785FAEE00944817 /* Project object */;
}
